
Microsoft Visual Studio Solution File, Format Version 12.00
# Visual Studio Version 17
VisualStudioVersion = 17.5.002.0
MinimumVisualStudioVersion = 10.0.40219.1
Project("{9A19103F-16F7-4668-BE54-9A1E7A4F7556}") = "BlazorAppActions", "BlazorAppActions\BlazorAppActions.csproj", "{664529DE-E5D6-473C-A9F7-67495EA04B26}"
EndProject
Project("{FAE04EC0-301F-11D3-BF4B-00C04F79EFBC}") = "BlazorActionTest", "BlazorActionTest\BlazorActionTest.csproj", "{F41B5346-CC44-4294-AFD1-6C8ED8540BD6}"
EndProject
Global
	GlobalSection(SolutionConfigurationPlatforms) = preSolution
		Debug|Any CPU = Debug|Any CPU
		Release|Any CPU = Release|Any CPU
	EndGlobalSection
	GlobalSection(ProjectConfigurationPlatforms) = postSolution
		{664529DE-E5D6-473C-A9F7-67495EA04B26}.Debug|Any CPU.ActiveCfg = Debug|Any CPU
		{664529DE-E5D6-473C-A9F7-67495EA04B26}.Debug|Any CPU.Build.0 = Debug|Any CPU
		{664529DE-E5D6-473C-A9F7-67495EA04B26}.Release|Any CPU.ActiveCfg = Release|Any CPU
		{664529DE-E5D6-473C-A9F7-67495EA04B26}.Release|Any CPU.Build.0 = Release|Any CPU
		{F41B5346-CC44-4294-AFD1-6C8ED8540BD6}.Debug|Any CPU.ActiveCfg = Debug|Any CPU
		{F41B5346-CC44-4294-AFD1-6C8ED8540BD6}.Debug|Any CPU.Build.0 = Debug|Any CPU
		{F41B5346-CC44-4294-AFD1-6C8ED8540BD6}.Release|Any CPU.ActiveCfg = Release|Any CPU
		{F41B5346-CC44-4294-AFD1-6C8ED8540BD6}.Release|Any CPU.Build.0 = Release|Any CPU
	EndGlobalSection
	GlobalSection(SolutionProperties) = preSolution
		HideSolutionNode = FALSE
	EndGlobalSection
	GlobalSection(ExtensibilityGlobals) = postSolution
		SolutionGuid = {42F066E3-AF9C-4A75-9C1A-7DEB1A8E8E02}
	EndGlobalSection
EndGlobal
